
Microsoft Visual Studio Solution File, Format Version 12.00
# Visual Studio Version 17
VisualStudioVersion = 17.10.35013.160
MinimumVisualStudioVersion = 10.0.40219.1
Project("{9A19103F-16F7-4668-BE54-9A1E7A4F7556}") = "Rabbitlike.Core", "Rabbitlike.Core\Rabbitlike.Core.csproj", "{50BACFAE-63F3-442D-8BF1-C5840FF4EFD9}"
EndProject
Project("{9A19103F-16F7-4668-BE54-9A1E7A4F7556}") = "Rabbitlike.Data", "Rabbitlike.Data\Rabbitlike.Data.csproj", "{53D6C4E4-6B3A-4CC7-B731-F8454AB2C75B}"
EndProject
Project("{9A19103F-16F7-4668-BE54-9A1E7A4F7556}") = "Rabbitlike.Utils", "Rabbitlike.Utils\Rabbitlike.Utils.csproj", "{56799CBE-EA4A-42D8-941D-95BBB74A3070}"
EndProject
Project("{9A19103F-16F7-4668-BE54-9A1E7A4F7556}") = "Rabbitlike.Service", "Rabbitlike.Service\Rabbitlike.Service.csproj", "{08914E04-7B88-4542-8F34-565B216F5F94}"
EndProject
Project("{9A19103F-16F7-4668-BE54-9A1E7A4F7556}") = "Rabbitlike.UI.App", "Rabbitlike.UI.App\Rabbitlike.UI.App.csproj", "{4C944211-3A98-4245-8314-6889856EA1B3}"
EndProject
Project("{9A19103F-16F7-4668-BE54-9A1E7A4F7556}") = "Rabbitlike.UI.Web", "Rabbitlike.UI.Web\Rabbitlike.UI.Web\Rabbitlike.UI.Web.csproj", "{13419F5A-4755-4213-B81B-A1CD7D5864EB}"
EndProject
Project("{9A19103F-16F7-4668-BE54-9A1E7A4F7556}") = "Rabbitlike.UI.Web.Client", "Rabbitlike.UI.Web\Rabbitlike.UI.Web.Client\Rabbitlike.UI.Web.Client.csproj", "{07FD95A3-66C0-44FF-828A-0BFAE0B6E299}"
EndProject
Project("{9A19103F-16F7-4668-BE54-9A1E7A4F7556}") = "Rabbitlike.API", "Rabbitlike.API\Rabbitlike.API.csproj", "{87162189-C97A-4332-A0E4-F1B3F050B6E1}"
EndProject
Project("{FAE04EC0-301F-11D3-BF4B-00C04F79EFBC}") = "Rabbitlike.UI.Shared", "Rabbitlike.UI.Shared\Rabbitlike.UI.Shared.csproj", "{381DF484-47B7-4513-8CCC-7F83794329E6}"
EndProject
Global
	GlobalSection(SolutionConfigurationPlatforms) = preSolution
		Debug|Any CPU = Debug|Any CPU
		Release|Any CPU = Release|Any CPU
	EndGlobalSection
	GlobalSection(ProjectConfigurationPlatforms) = postSolution
		{50BACFAE-63F3-442D-8BF1-C5840FF4EFD9}.Debug|Any CPU.ActiveCfg = Debug|Any CPU
		{50BACFAE-63F3-442D-8BF1-C5840FF4EFD9}.Debug|Any CPU.Build.0 = Debug|Any CPU
		{50BACFAE-63F3-442D-8BF1-C5840FF4EFD9}.Release|Any CPU.ActiveCfg = Release|Any CPU
		{50BACFAE-63F3-442D-8BF1-C5840FF4EFD9}.Release|Any CPU.Build.0 = Release|Any CPU
		{53D6C4E4-6B3A-4CC7-B731-F8454AB2C75B}.Debug|Any CPU.ActiveCfg = Debug|Any CPU
		{53D6C4E4-6B3A-4CC7-B731-F8454AB2C75B}.Debug|Any CPU.Build.0 = Debug|Any CPU
		{53D6C4E4-6B3A-4CC7-B731-F8454AB2C75B}.Release|Any CPU.ActiveCfg = Release|Any CPU
		{53D6C4E4-6B3A-4CC7-B731-F8454AB2C75B}.Release|Any CPU.Build.0 = Release|Any CPU
		{56799CBE-EA4A-42D8-941D-95BBB74A3070}.Debug|Any CPU.ActiveCfg = Debug|Any CPU
		{56799CBE-EA4A-42D8-941D-95BBB74A3070}.Debug|Any CPU.Build.0 = Debug|Any CPU
		{56799CBE-EA4A-42D8-941D-95BBB74A3070}.Release|Any CPU.ActiveCfg = Release|Any CPU
		{56799CBE-EA4A-42D8-941D-95BBB74A3070}.Release|Any CPU.Build.0 = Release|Any CPU
		{08914E04-7B88-4542-8F34-565B216F5F94}.Debug|Any CPU.ActiveCfg = Debug|Any CPU
		{08914E04-7B88-4542-8F34-565B216F5F94}.Debug|Any CPU.Build.0 = Debug|Any CPU
		{08914E04-7B88-4542-8F34-565B216F5F94}.Release|Any CPU.ActiveCfg = Release|Any CPU
		{08914E04-7B88-4542-8F34-565B216F5F94}.Release|Any CPU.Build.0 = Release|Any CPU
		{4C944211-3A98-4245-8314-6889856EA1B3}.Debug|Any CPU.ActiveCfg = Debug|Any CPU
		{4C944211-3A98-4245-8314-6889856EA1B3}.Debug|Any CPU.Build.0 = Debug|Any CPU
		{4C944211-3A98-4245-8314-6889856EA1B3}.Debug|Any CPU.Deploy.0 = Debug|Any CPU
		{4C944211-3A98-4245-8314-6889856EA1B3}.Release|Any CPU.ActiveCfg = Release|Any CPU
		{4C944211-3A98-4245-8314-6889856EA1B3}.Release|Any CPU.Build.0 = Release|Any CPU
		{4C944211-3A98-4245-8314-6889856EA1B3}.Release|Any CPU.Deploy.0 = Release|Any CPU
		{13419F5A-4755-4213-B81B-A1CD7D5864EB}.Debug|Any CPU.ActiveCfg = Debug|Any CPU
		{13419F5A-4755-4213-B81B-A1CD7D5864EB}.Debug|Any CPU.Build.0 = Debug|Any CPU
		{13419F5A-4755-4213-B81B-A1CD7D5864EB}.Release|Any CPU.ActiveCfg = Release|Any CPU
		{13419F5A-4755-4213-B81B-A1CD7D5864EB}.Release|Any CPU.Build.0 = Release|Any CPU
		{07FD95A3-66C0-44FF-828A-0BFAE0B6E299}.Debug|Any CPU.ActiveCfg = Debug|Any CPU
		{07FD95A3-66C0-44FF-828A-0BFAE0B6E299}.Debug|Any CPU.Build.0 = Debug|Any CPU
		{07FD95A3-66C0-44FF-828A-0BFAE0B6E299}.Release|Any CPU.ActiveCfg = Release|Any CPU
		{07FD95A3-66C0-44FF-828A-0BFAE0B6E299}.Release|Any CPU.Build.0 = Release|Any CPU
		{87162189-C97A-4332-A0E4-F1B3F050B6E1}.Debug|Any CPU.ActiveCfg = Debug|Any CPU
		{87162189-C97A-4332-A0E4-F1B3F050B6E1}.Debug|Any CPU.Build.0 = Debug|Any CPU
		{87162189-C97A-4332-A0E4-F1B3F050B6E1}.Release|Any CPU.ActiveCfg = Release|Any CPU
		{87162189-C97A-4332-A0E4-F1B3F050B6E1}.Release|Any CPU.Build.0 = Release|Any CPU
		{381DF484-47B7-4513-8CCC-7F83794329E6}.Debug|Any CPU.ActiveCfg = Debug|Any CPU
		{381DF484-47B7-4513-8CCC-7F83794329E6}.Debug|Any CPU.Build.0 = Debug|Any CPU
		{381DF484-47B7-4513-8CCC-7F83794329E6}.Release|Any CPU.ActiveCfg = Release|Any CPU
		{381DF484-47B7-4513-8CCC-7F83794329E6}.Release|Any CPU.Build.0 = Release|Any CPU
	EndGlobalSection
	GlobalSection(SolutionProperties) = preSolution
		HideSolutionNode = FALSE
	EndGlobalSection
	GlobalSection(ExtensibilityGlobals) = postSolution
		SolutionGuid = {9D8D3B39-2BAC-4D1F-B51F-D1C4CF24B900}
	EndGlobalSection
EndGlobal
